
Microsoft Visual Studio Solution File, Format Version 12.00
# Visual Studio 15
VisualStudioVersion = 15.0.27130.2036
MinimumVisualStudioVersion = 10.0.40219.1
Project("{FAE04EC0-301F-11D3-BF4B-00C04F79EFBC}") = "MCAJ_P18_Empresa", "MCAJ_P18_Empresa\MCAJ_P18_Empresa.csproj", "{06C6A978-67BC-4657-A39F-791A84BA0D8A}"
EndProject
Global
	GlobalSection(SolutionConfigurationPlatforms) = preSolution
		Debug|Any CPU = Debug|Any CPU
		Release|Any CPU = Release|Any CPU
	EndGlobalSection
	GlobalSection(ProjectConfigurationPlatforms) = postSolution
		{06C6A978-67BC-4657-A39F-791A84BA0D8A}.Debug|Any CPU.ActiveCfg = Debug|Any CPU
		{06C6A978-67BC-4657-A39F-791A84BA0D8A}.Debug|Any CPU.Build.0 = Debug|Any CPU
		{06C6A978-67BC-4657-A39F-791A84BA0D8A}.Release|Any CPU.ActiveCfg = Release|Any CPU
		{06C6A978-67BC-4657-A39F-791A84BA0D8A}.Release|Any CPU.Build.0 = Release|Any CPU
	EndGlobalSection
	GlobalSection(SolutionProperties) = preSolution
		HideSolutionNode = FALSE
	EndGlobalSection
	GlobalSection(ExtensibilityGlobals) = postSolution
		SolutionGuid = {26A97F65-CC7C-4A7B-A156-8707A0F4952F}
	EndGlobalSection
EndGlobal
