
Microsoft Visual Studio Solution File, Format Version 12.00
# Visual Studio 15
VisualStudioVersion = 15.0.27130.2036
MinimumVisualStudioVersion = 10.0.40219.1
Project("{FAE04EC0-301F-11D3-BF4B-00C04F79EFBC}") = "MCAJ_Equipos", "MCAJ_Equipos\MCAJ_Equipos.csproj", "{21B45B66-2896-42DC-A879-1B77ABA10096}"
EndProject
Global
	GlobalSection(SolutionConfigurationPlatforms) = preSolution
		Debug|Any CPU = Debug|Any CPU
		Release|Any CPU = Release|Any CPU
	EndGlobalSection
	GlobalSection(ProjectConfigurationPlatforms) = postSolution
		{21B45B66-2896-42DC-A879-1B77ABA10096}.Debug|Any CPU.ActiveCfg = Debug|Any CPU
		{21B45B66-2896-42DC-A879-1B77ABA10096}.Debug|Any CPU.Build.0 = Debug|Any CPU
		{21B45B66-2896-42DC-A879-1B77ABA10096}.Release|Any CPU.ActiveCfg = Release|Any CPU
		{21B45B66-2896-42DC-A879-1B77ABA10096}.Release|Any CPU.Build.0 = Release|Any CPU
	EndGlobalSection
	GlobalSection(SolutionProperties) = preSolution
		HideSolutionNode = FALSE
	EndGlobalSection
	GlobalSection(ExtensibilityGlobals) = postSolution
		SolutionGuid = {76023033-B162-4506-8171-002C723809EC}
	EndGlobalSection
EndGlobal
