
Microsoft Visual Studio Solution File, Format Version 12.00
# Visual Studio 15
VisualStudioVersion = 15.0.27428.2043
MinimumVisualStudioVersion = 10.0.40219.1
Project("{FAE04EC0-301F-11D3-BF4B-00C04F79EFBC}") = "Ejemplo ouija", "Ejemplo ouija\Ejemplo ouija.csproj", "{4CB2B967-96E8-4A9F-B826-9617AB710E89}"
EndProject
Global
	GlobalSection(SolutionConfigurationPlatforms) = preSolution
		Debug|Any CPU = Debug|Any CPU
		Release|Any CPU = Release|Any CPU
	EndGlobalSection
	GlobalSection(ProjectConfigurationPlatforms) = postSolution
		{4CB2B967-96E8-4A9F-B826-9617AB710E89}.Debug|Any CPU.ActiveCfg = Debug|Any CPU
		{4CB2B967-96E8-4A9F-B826-9617AB710E89}.Debug|Any CPU.Build.0 = Debug|Any CPU
		{4CB2B967-96E8-4A9F-B826-9617AB710E89}.Release|Any CPU.ActiveCfg = Release|Any CPU
		{4CB2B967-96E8-4A9F-B826-9617AB710E89}.Release|Any CPU.Build.0 = Release|Any CPU
	EndGlobalSection
	GlobalSection(SolutionProperties) = preSolution
		HideSolutionNode = FALSE
	EndGlobalSection
	GlobalSection(ExtensibilityGlobals) = postSolution
		SolutionGuid = {F2A7F11B-4622-4368-8BBA-FA287F8B3D83}
	EndGlobalSection
EndGlobal
