
Microsoft Visual Studio Solution File, Format Version 12.00
# Visual Studio 15
VisualStudioVersion = 15.0.27428.2043
MinimumVisualStudioVersion = 10.0.40219.1
Project("{FAE04EC0-301F-11D3-BF4B-00C04F79EFBC}") = "MCAJ_GraficoYOpelo", "MCAJ_GraficoYOpelo\MCAJ_GraficoYOpelo.csproj", "{4080B2B2-39ED-4704-9FE7-BC66154375AF}"
EndProject
Global
	GlobalSection(SolutionConfigurationPlatforms) = preSolution
		Debug|Any CPU = Debug|Any CPU
		Release|Any CPU = Release|Any CPU
	EndGlobalSection
	GlobalSection(ProjectConfigurationPlatforms) = postSolution
		{4080B2B2-39ED-4704-9FE7-BC66154375AF}.Debug|Any CPU.ActiveCfg = Debug|Any CPU
		{4080B2B2-39ED-4704-9FE7-BC66154375AF}.Debug|Any CPU.Build.0 = Debug|Any CPU
		{4080B2B2-39ED-4704-9FE7-BC66154375AF}.Release|Any CPU.ActiveCfg = Release|Any CPU
		{4080B2B2-39ED-4704-9FE7-BC66154375AF}.Release|Any CPU.Build.0 = Release|Any CPU
	EndGlobalSection
	GlobalSection(SolutionProperties) = preSolution
		HideSolutionNode = FALSE
	EndGlobalSection
	GlobalSection(ExtensibilityGlobals) = postSolution
		SolutionGuid = {F749A4D0-E1F1-4D81-94AA-69280BA88E5A}
	EndGlobalSection
EndGlobal
