
Microsoft Visual Studio Solution File, Format Version 12.00
# Visual Studio 15
VisualStudioVersion = 15.0.27428.2043
MinimumVisualStudioVersion = 10.0.40219.1
Project("{FAE04EC0-301F-11D3-BF4B-00C04F79EFBC}") = "Bitacora espacial", "Bitacora espacial\Bitacora espacial.csproj", "{6A27AEA3-4508-49CD-838F-BC149321B71C}"
EndProject
Global
	GlobalSection(SolutionConfigurationPlatforms) = preSolution
		Debug|Any CPU = Debug|Any CPU
		Release|Any CPU = Release|Any CPU
	EndGlobalSection
	GlobalSection(ProjectConfigurationPlatforms) = postSolution
		{6A27AEA3-4508-49CD-838F-BC149321B71C}.Debug|Any CPU.ActiveCfg = Debug|Any CPU
		{6A27AEA3-4508-49CD-838F-BC149321B71C}.Debug|Any CPU.Build.0 = Debug|Any CPU
		{6A27AEA3-4508-49CD-838F-BC149321B71C}.Release|Any CPU.ActiveCfg = Release|Any CPU
		{6A27AEA3-4508-49CD-838F-BC149321B71C}.Release|Any CPU.Build.0 = Release|Any CPU
	EndGlobalSection
	GlobalSection(SolutionProperties) = preSolution
		HideSolutionNode = FALSE
	EndGlobalSection
	GlobalSection(ExtensibilityGlobals) = postSolution
		SolutionGuid = {556DDFB2-053C-40A7-B0CE-CB1F277C449F}
	EndGlobalSection
EndGlobal
