
Microsoft Visual Studio Solution File, Format Version 12.00
# Visual Studio 15
VisualStudioVersion = 15.0.27130.2036
MinimumVisualStudioVersion = 10.0.40219.1
Project("{FAE04EC0-301F-11D3-BF4B-00C04F79EFBC}") = "MCAJ_EmpresaHerencia", "MCAJ_EmpresaHerencia\MCAJ_EmpresaHerencia.csproj", "{AE06F17C-7869-4173-8D29-F7815F627608}"
EndProject
Global
	GlobalSection(SolutionConfigurationPlatforms) = preSolution
		Debug|Any CPU = Debug|Any CPU
		Release|Any CPU = Release|Any CPU
	EndGlobalSection
	GlobalSection(ProjectConfigurationPlatforms) = postSolution
		{AE06F17C-7869-4173-8D29-F7815F627608}.Debug|Any CPU.ActiveCfg = Debug|Any CPU
		{AE06F17C-7869-4173-8D29-F7815F627608}.Debug|Any CPU.Build.0 = Debug|Any CPU
		{AE06F17C-7869-4173-8D29-F7815F627608}.Release|Any CPU.ActiveCfg = Release|Any CPU
		{AE06F17C-7869-4173-8D29-F7815F627608}.Release|Any CPU.Build.0 = Release|Any CPU
	EndGlobalSection
	GlobalSection(SolutionProperties) = preSolution
		HideSolutionNode = FALSE
	EndGlobalSection
	GlobalSection(ExtensibilityGlobals) = postSolution
		SolutionGuid = {C747973F-4AE1-444F-ACE6-A34BCD82A2B8}
	EndGlobalSection
EndGlobal
