
Microsoft Visual Studio Solution File, Format Version 12.00
# Visual Studio Version 16
VisualStudioVersion = 16.0.31424.327
MinimumVisualStudioVersion = 10.0.40219.1
Project("{FAE04EC0-301F-11D3-BF4B-00C04F79EFBC}") = "prueba dossier", "prueba dossier\prueba dossier.csproj", "{970890E7-8EB2-4F18-8413-A519F50DF5CE}"
EndProject
Global
	GlobalSection(SolutionConfigurationPlatforms) = preSolution
		Debug|Any CPU = Debug|Any CPU
		Release|Any CPU = Release|Any CPU
	EndGlobalSection
	GlobalSection(ProjectConfigurationPlatforms) = postSolution
		{970890E7-8EB2-4F18-8413-A519F50DF5CE}.Debug|Any CPU.ActiveCfg = Debug|Any CPU
		{970890E7-8EB2-4F18-8413-A519F50DF5CE}.Debug|Any CPU.Build.0 = Debug|Any CPU
		{970890E7-8EB2-4F18-8413-A519F50DF5CE}.Release|Any CPU.ActiveCfg = Release|Any CPU
		{970890E7-8EB2-4F18-8413-A519F50DF5CE}.Release|Any CPU.Build.0 = Release|Any CPU
	EndGlobalSection
	GlobalSection(SolutionProperties) = preSolution
		HideSolutionNode = FALSE
	EndGlobalSection
	GlobalSection(ExtensibilityGlobals) = postSolution
		SolutionGuid = {4DA20777-A1DA-41F9-87C6-C7CD35FB9713}
	EndGlobalSection
EndGlobal
