
Microsoft Visual Studio Solution File, Format Version 12.00
# Visual Studio Version 16
VisualStudioVersion = 16.0.31424.327
MinimumVisualStudioVersion = 10.0.40219.1
Project("{FAE04EC0-301F-11D3-BF4B-00C04F79EFBC}") = "HU07ExportarCsv", "HU07ExportarCsv\HU07ExportarCsv.csproj", "{5E0034B8-4285-4BE6-9755-1F7470418C01}"
EndProject
Global
	GlobalSection(SolutionConfigurationPlatforms) = preSolution
		Debug|Any CPU = Debug|Any CPU
		Release|Any CPU = Release|Any CPU
	EndGlobalSection
	GlobalSection(ProjectConfigurationPlatforms) = postSolution
		{5E0034B8-4285-4BE6-9755-1F7470418C01}.Debug|Any CPU.ActiveCfg = Debug|Any CPU
		{5E0034B8-4285-4BE6-9755-1F7470418C01}.Debug|Any CPU.Build.0 = Debug|Any CPU
		{5E0034B8-4285-4BE6-9755-1F7470418C01}.Release|Any CPU.ActiveCfg = Release|Any CPU
		{5E0034B8-4285-4BE6-9755-1F7470418C01}.Release|Any CPU.Build.0 = Release|Any CPU
	EndGlobalSection
	GlobalSection(SolutionProperties) = preSolution
		HideSolutionNode = FALSE
	EndGlobalSection
	GlobalSection(ExtensibilityGlobals) = postSolution
		SolutionGuid = {20CA842B-7B31-4FB6-9C35-EB2EE5BE4ED1}
	EndGlobalSection
EndGlobal
