
Microsoft Visual Studio Solution File, Format Version 12.00
# Visual Studio 15
VisualStudioVersion = 15.0.27130.2036
MinimumVisualStudioVersion = 10.0.40219.1
Project("{FAE04EC0-301F-11D3-BF4B-00C04F79EFBC}") = "MCAJ_P15_Empresa2", "SGMI_EjemploListaCalificaciones\MCAJ_P15_Empresa2.csproj", "{1208711E-F625-460D-9E6C-A447511282E3}"
EndProject
Global
	GlobalSection(SolutionConfigurationPlatforms) = preSolution
		Debug|Any CPU = Debug|Any CPU
		Release|Any CPU = Release|Any CPU
	EndGlobalSection
	GlobalSection(ProjectConfigurationPlatforms) = postSolution
		{1208711E-F625-460D-9E6C-A447511282E3}.Debug|Any CPU.ActiveCfg = Debug|Any CPU
		{1208711E-F625-460D-9E6C-A447511282E3}.Debug|Any CPU.Build.0 = Debug|Any CPU
		{1208711E-F625-460D-9E6C-A447511282E3}.Release|Any CPU.ActiveCfg = Release|Any CPU
		{1208711E-F625-460D-9E6C-A447511282E3}.Release|Any CPU.Build.0 = Release|Any CPU
	EndGlobalSection
	GlobalSection(SolutionProperties) = preSolution
		HideSolutionNode = FALSE
	EndGlobalSection
	GlobalSection(ExtensibilityGlobals) = postSolution
		SolutionGuid = {D059EC50-9EB4-4DCF-B0A9-FA8BE980E3B7}
	EndGlobalSection
EndGlobal
